<?xml version="1.0" encoding="utf-8"?>
<Project ToolsVersion="4.0" xmlns="http://schemas.microsoft.com/developer/msbuild/2003">
  <ItemGroup>
    <Filter Include="sources">
      <UniqueIdentifier>{93995380-89BD-4b04-88EB-625FBE52EBFB}</UniqueIdentifier>
      <Extensions>h;hpp;hxx;hm;inl;inc;xsd</Extensions>
    </Filter>
    <Filter Include="sources\default_include">
      <UniqueIdentifier>{40502598-9a92-49cd-8efb-a7c3597ad5bb}</UniqueIdentifier>
    </Filter>
    <Filter Include="sources\default_include\safety">
      <UniqueIdentifier>{d295361b-6112-4afd-90c9-16c299070014}</UniqueIdentifier>
    </Filter>
    <Filter Include="sources\default_include\type_alias">
      <UniqueIdentifier>{b0088fb2-9f82-4cba-b931-11e4536f252d}</UniqueIdentifier>
    </Filter>
    <Filter Include="sources\default_include\stdafx">
      <UniqueIdentifier>{8614097c-af4c-4ce7-9c36-11c6898a02b5}</UniqueIdentifier>
    </Filter>
    <Filter Include="sources\default_include\debug_tool">
      <UniqueIdentifier>{c0f4609e-022a-4360-bf69-8359f7a15f01}</UniqueIdentifier>
    </Filter>
    <Filter Include="sources\default_include\default_constant_definition">
      <UniqueIdentifier>{a0714e18-6a10-42aa-9d20-56766b703575}</UniqueIdentifier>
    </Filter>
    <Filter Include="sources\system">
      <UniqueIdentifier>{420f52c9-1612-4075-b445-267a9dfa735d}</UniqueIdentifier>
    </Filter>
    <Filter Include="sources\system\window">
      <UniqueIdentifier>{1d1faf88-fdfa-4ae5-a0be-70510e93edb4}</UniqueIdentifier>
    </Filter>
    <Filter Include="sources\system\thread">
      <UniqueIdentifier>{aac0bc5d-f0ba-4f11-be5e-4c0dbc38ac23}</UniqueIdentifier>
    </Filter>
    <Filter Include="sources\application">
      <UniqueIdentifier>{22f91c19-7bdd-4e50-9989-8dd327cdb284}</UniqueIdentifier>
    </Filter>
    <Filter Include="sources\application\scene">
      <UniqueIdentifier>{c73fe964-27b3-407f-a499-4f775253eb99}</UniqueIdentifier>
    </Filter>
    <Filter Include="sources\system\timer">
      <UniqueIdentifier>{48e7907e-e569-4d5e-b634-37183c6d5709}</UniqueIdentifier>
    </Filter>
    <Filter Include="sources\render">
      <UniqueIdentifier>{84d91af6-b598-4aed-be21-824b3cc2d6a6}</UniqueIdentifier>
    </Filter>
    <Filter Include="sources\system\directx9">
      <UniqueIdentifier>{c3fe1cf0-c43e-44f2-9a0a-b879f72e79f7}</UniqueIdentifier>
    </Filter>
    <Filter Include="sources\collision">
      <UniqueIdentifier>{89c50674-90a6-465e-afb1-aec08af3fc83}</UniqueIdentifier>
    </Filter>
    <Filter Include="sources\system\directx9\texture">
      <UniqueIdentifier>{098fa85d-e3fe-416f-b61c-ea8eb59af985}</UniqueIdentifier>
    </Filter>
    <Filter Include="sources\application\scene\title">
      <UniqueIdentifier>{5958b5ab-91f2-4361-939e-ea7594a9b26e}</UniqueIdentifier>
    </Filter>
    <Filter Include="sources\application\scene\game">
      <UniqueIdentifier>{79aced37-18c4-4101-8897-616ef67dc672}</UniqueIdentifier>
    </Filter>
    <Filter Include="sources\system\direct_input">
      <UniqueIdentifier>{323ec76d-60a9-49c6-9ce1-7c9cb302b2a7}</UniqueIdentifier>
    </Filter>
    <Filter Include="sources\application\scene\factory">
      <UniqueIdentifier>{622401ee-ddad-4b7d-b55b-8958cd7dbbac}</UniqueIdentifier>
    </Filter>
    <Filter Include="sources\frame">
      <UniqueIdentifier>{017dc161-dc7d-49a0-9459-1af7f58ba01f}</UniqueIdentifier>
    </Filter>
    <Filter Include="sources\system\direct_input\device">
      <UniqueIdentifier>{5325bfd7-b16a-4c0e-a6cd-4a1d65ab07d1}</UniqueIdentifier>
    </Filter>
    <Filter Include="sources\system\directx9\font">
      <UniqueIdentifier>{2a20fc97-c24d-4c84-840b-95832b97c173}</UniqueIdentifier>
    </Filter>
    <Filter Include="sources\system\xaudio2">
      <UniqueIdentifier>{2627231c-5bc2-4a2d-bc54-4d5f98050659}</UniqueIdentifier>
    </Filter>
    <Filter Include="sources\application\object">
      <UniqueIdentifier>{af84194e-c08d-4506-9b81-495d2f95b3c3}</UniqueIdentifier>
    </Filter>
    <Filter Include="resources">
      <UniqueIdentifier>{1dc14815-e18c-4925-ba51-c1a6bcf900a5}</UniqueIdentifier>
    </Filter>
    <Filter Include="sources\system\xaudio2\bgm">
      <UniqueIdentifier>{b906b185-bcb6-45fa-980d-7b9aacdad564}</UniqueIdentifier>
    </Filter>
    <Filter Include="sources\application\scene\logo">
      <UniqueIdentifier>{57656ad4-2b89-44b4-aa6d-15a982f8180b}</UniqueIdentifier>
    </Filter>
    <Filter Include="sources\default_include\common">
      <UniqueIdentifier>{38d3639b-0606-433b-8c16-5b0056e3fa08}</UniqueIdentifier>
    </Filter>
    <Filter Include="sources\default_include\common\basic">
      <UniqueIdentifier>{472b3053-a584-4a10-b862-b27b95d9bbcd}</UniqueIdentifier>
    </Filter>
    <Filter Include="sources\default_include\common\animation">
      <UniqueIdentifier>{1c3a907c-c99d-4590-83fa-34590e798ccd}</UniqueIdentifier>
    </Filter>
    <Filter Include="sources\application\object\stage_select">
      <UniqueIdentifier>{eaad040a-94b7-430d-b846-a04888dff142}</UniqueIdentifier>
    </Filter>
    <Filter Include="sources\application\object\option">
      <UniqueIdentifier>{afe71d4d-8584-4a0d-b4a3-9fb8c121214e}</UniqueIdentifier>
    </Filter>
    <Filter Include="sources\application\scene\game\stage">
      <UniqueIdentifier>{df25fca6-25e7-406b-bd7b-e101058d5b86}</UniqueIdentifier>
    </Filter>
    <Filter Include="sources\application\scene\game\gimmick">
      <UniqueIdentifier>{60549378-f39b-424c-a7fc-db4b06126ec2}</UniqueIdentifier>
    </Filter>
    <Filter Include="sources\application\scene\game\effect">
      <UniqueIdentifier>{1ae7364d-a30b-42ff-a2cb-99e0551d1b60}</UniqueIdentifier>
    </Filter>
    <Filter Include="sources\application\scene\game\assert_effect">
      <UniqueIdentifier>{0dd7e936-c8a1-42b8-abf6-9c3c6e5fd855}</UniqueIdentifier>
    </Filter>
    <Filter Include="sources\system\xaudio2\se">
      <UniqueIdentifier>{a3c67896-a632-45fc-b720-be0715b12d36}</UniqueIdentifier>
    </Filter>
    <Filter Include="sources\application\object\pause">
      <UniqueIdentifier>{5ab90b4c-c96f-4f99-be63-ea63e9a7c14e}</UniqueIdentifier>
    </Filter>
  </ItemGroup>
  <ItemGroup>
    <ClInclude Include="sources\main.h">
      <Filter>sources</Filter>
    </ClInclude>
    <ClInclude Include="sources\default_include\default_include.h">
      <Filter>sources\default_include</Filter>
    </ClInclude>
    <ClInclude Include="sources\default_include\safety\safety.h">
      <Filter>sources\default_include\safety</Filter>
    </ClInclude>
    <ClInclude Include="sources\default_include\type_alias\type_alias.h">
      <Filter>sources\default_include\type_alias</Filter>
    </ClInclude>
    <ClInclude Include="sources\default_include\stdafx\stdafx.h">
      <Filter>sources\default_include\stdafx</Filter>
    </ClInclude>
    <ClInclude Include="sources\default_include\debug_tool\assert.h">
      <Filter>sources\default_include\debug_tool</Filter>
    </ClInclude>
    <ClInclude Include="sources\default_include\debug_tool\debug_tool.h">
      <Filter>sources\default_include\debug_tool</Filter>
    </ClInclude>
    <ClInclude Include="sources\default_include\default_constant_definition\default_constant_definition.h">
      <Filter>sources\default_include\default_constant_definition</Filter>
    </ClInclude>
    <ClInclude Include="sources\system\system.h">
      <Filter>sources\system</Filter>
    </ClInclude>
    <ClInclude Include="sources\system\window\main_window.h">
      <Filter>sources\system\window</Filter>
    </ClInclude>
    <ClInclude Include="sources\system\window\window.h">
      <Filter>sources\system\window</Filter>
    </ClInclude>
    <ClInclude Include="sources\system\thread\thread.h">
      <Filter>sources\system\thread</Filter>
    </ClInclude>
    <ClInclude Include="sources\application\application.h">
      <Filter>sources\application</Filter>
    </ClInclude>
    <ClInclude Include="sources\system\timer\timer.h">
      <Filter>sources\system\timer</Filter>
    </ClInclude>
    <ClInclude Include="sources\render\sprite.h">
      <Filter>sources\render</Filter>
    </ClInclude>
    <ClInclude Include="sources\system\directx9\directx9.h">
      <Filter>sources\system\directx9</Filter>
    </ClInclude>
    <ClInclude Include="sources\application\scene\scene_manager.h">
      <Filter>sources\application\scene</Filter>
    </ClInclude>
    <ClInclude Include="sources\application\scene\scene.h">
      <Filter>sources\application\scene</Filter>
    </ClInclude>
    <ClInclude Include="sources\system\directx9\texture\texture.h">
      <Filter>sources\system\directx9\texture</Filter>
    </ClInclude>
    <ClInclude Include="sources\render\fade.h">
      <Filter>sources\render</Filter>
    </ClInclude>
    <ClInclude Include="sources\collision\collision.h">
      <Filter>sources\collision</Filter>
    </ClInclude>
    <ClInclude Include="sources\collision\collision_circle.h">
      <Filter>sources\collision</Filter>
    </ClInclude>
    <ClInclude Include="sources\collision\collision_point.h">
      <Filter>sources\collision</Filter>
    </ClInclude>
    <ClInclude Include="sources\collision\collision_line.h">
      <Filter>sources\collision</Filter>
    </ClInclude>
    <ClInclude Include="sources\application\scene\game\scene_game.h">
      <Filter>sources\application\scene\game</Filter>
    </ClInclude>
    <ClInclude Include="sources\application\scene\factory\scene_factory.h">
      <Filter>sources\application\scene\factory</Filter>
    </ClInclude>
    <ClInclude Include="sources\frame\frame_controller.h">
      <Filter>sources\frame</Filter>
    </ClInclude>
    <ClInclude Include="sources\default_include\debug_tool\debug_console.h">
      <Filter>sources\default_include\debug_tool</Filter>
    </ClInclude>
    <ClInclude Include="sources\default_include\debug_tool\debug_trace.h">
      <Filter>sources\default_include\debug_tool</Filter>
    </ClInclude>
    <ClInclude Include="sources\default_include\debug_tool\debug_display.h">
      <Filter>sources\default_include\debug_tool</Filter>
    </ClInclude>
    <ClInclude Include="sources\system\direct_input\direct_input.h">
      <Filter>sources\system\direct_input</Filter>
    </ClInclude>
    <ClInclude Include="sources\system\direct_input\device\di_keyboard.h">
      <Filter>sources\system\direct_input\device</Filter>
    </ClInclude>
    <ClInclude Include="sources\system\direct_input\device\di_mouse.h">
      <Filter>sources\system\direct_input\device</Filter>
    </ClInclude>
    <ClInclude Include="sources\system\direct_input\device\di_device.h">
      <Filter>sources\system\direct_input\device</Filter>
    </ClInclude>
    <ClInclude Include="sources\system\direct_input\input_event_buffer.h">
      <Filter>sources\system\direct_input</Filter>
    </ClInclude>
    <ClInclude Include="sources\system\direct_input\input_alias.h">
      <Filter>sources\system\direct_input</Filter>
    </ClInclude>
    <ClInclude Include="sources\common\basic\basic.h">
      <Filter>sources\default_include\common\basic</Filter>
    </ClInclude>
    <ClInclude Include="sources\application\scene\title\scene_title.h">
      <Filter>sources\application\scene\title</Filter>
    </ClInclude>
    <ClInclude Include="sources\application\scene\title\title_bg.h">
      <Filter>sources\application\scene\title</Filter>
    </ClInclude>
    <ClInclude Include="sources\system\directx9\font\font_texture.h">
      <Filter>sources\system\directx9\font</Filter>
    </ClInclude>
    <ClInclude Include="sources\render\text_box.h">
      <Filter>sources\render</Filter>
    </ClInclude>
    <ClInclude Include="sources\system\direct_input\device\di_virtual.h">
      <Filter>sources\system\direct_input\device</Filter>
    </ClInclude>
    <ClInclude Include="sources\common\animation\animation.h">
      <Filter>sources\default_include\common\animation</Filter>
    </ClInclude>
    <ClInclude Include="sources\system\xaudio2\xaudio2.h">
      <Filter>sources\system\xaudio2</Filter>
    </ClInclude>
    <ClInclude Include="sources\system\direct_input\device\di_pad.h">
      <Filter>sources\system\direct_input\device</Filter>
    </ClInclude>
    <ClInclude Include="sources\application\object\stage_offset.h">
      <Filter>sources\application\object</Filter>
    </ClInclude>
    <ClInclude Include="resources\resource.h">
      <Filter>resources</Filter>
    </ClInclude>
    <ClInclude Include="sources\system\xaudio2\xaudio2_sound.h">
      <Filter>sources\system\xaudio2</Filter>
    </ClInclude>
    <ClInclude Include="sources\system\xaudio2\bgm\bgm.h">
      <Filter>sources\system\xaudio2\bgm</Filter>
    </ClInclude>
    <ClInclude Include="sources\application\scene\logo\scene_logo.h">
      <Filter>sources\application\scene\logo</Filter>
    </ClInclude>
    <ClInclude Include="sources\application\scene\logo\logo.h">
      <Filter>sources\application\scene\logo</Filter>
    </ClInclude>
    <ClInclude Include="sources\application\scene\logo\logo_bg.h">
      <Filter>sources\application\scene\logo</Filter>
    </ClInclude>
    <ClInclude Include="sources\application\scene\title\title_logo.h">
      <Filter>sources\application\scene\title</Filter>
    </ClInclude>
    <ClInclude Include="sources\render\mesh_sprite.h">
      <Filter>sources\render</Filter>
    </ClInclude>
    <ClInclude Include="sources\application\object\map.h">
      <Filter>sources\application\object</Filter>
    </ClInclude>
    <ClInclude Include="sources\application\object\stage_select\select_arrow.h">
      <Filter>sources\application\object\stage_select</Filter>
    </ClInclude>
    <ClInclude Include="sources\application\object\stage_select\select_arrow_left.h">
      <Filter>sources\application\object\stage_select</Filter>
    </ClInclude>
    <ClInclude Include="sources\application\object\stage_select\select_arrow_right.h">
      <Filter>sources\application\object\stage_select</Filter>
    </ClInclude>
    <ClInclude Include="sources\application\object\stage_select\select_bg.h">
      <Filter>sources\application\object\stage_select</Filter>
    </ClInclude>
    <ClInclude Include="sources\application\object\stage_select\select_flame.h">
      <Filter>sources\application\object\stage_select</Filter>
    </ClInclude>
    <ClInclude Include="sources\application\object\stage_select\select_stage_image.h">
      <Filter>sources\application\object\stage_select</Filter>
    </ClInclude>
    <ClInclude Include="sources\application\object\stage_select\select_stage_name.h">
      <Filter>sources\application\object\stage_select</Filter>
    </ClInclude>
    <ClInclude Include="sources\application\object\stage_region.h">
      <Filter>sources\application\object</Filter>
    </ClInclude>
    <ClInclude Include="sources\application\object\stage_select\select_record.h">
      <Filter>sources\application\object\stage_select</Filter>
    </ClInclude>
    <ClInclude Include="sources\application\object\stage_select\select_number.h">
      <Filter>sources\application\object\stage_select</Filter>
    </ClInclude>
    <ClInclude Include="sources\application\scene\game\game_player.h">
      <Filter>sources\application\scene\game</Filter>
    </ClInclude>
    <ClInclude Include="sources\application\scene\title\title_push_start.h">
      <Filter>sources\application\scene\title</Filter>
    </ClInclude>
    <ClInclude Include="sources\application\scene\title\title_select.h">
      <Filter>sources\application\scene\title</Filter>
    </ClInclude>
    <ClInclude Include="sources\application\object\object_player.h">
      <Filter>sources\application\object</Filter>
    </ClInclude>
    <ClInclude Include="sources\application\object\message_window.h">
      <Filter>sources\application\object</Filter>
    </ClInclude>
    <ClInclude Include="sources\application\object\message_sprite_smooth.h">
      <Filter>sources\application\object</Filter>
    </ClInclude>
    <ClInclude Include="sources\application\object\option.h">
      <Filter>sources\application\object</Filter>
    </ClInclude>
    <ClInclude Include="sources\application\object\option\bgm_volume.h">
      <Filter>sources\application\object\option</Filter>
    </ClInclude>
    <ClInclude Include="sources\application\object\option\key_config_cancel.h">
      <Filter>sources\application\object\option</Filter>
    </ClInclude>
    <ClInclude Include="sources\application\object\option\key_config_jump.h">
      <Filter>sources\application\object\option</Filter>
    </ClInclude>
    <ClInclude Include="sources\application\object\option\key_config_ok.h">
      <Filter>sources\application\object\option</Filter>
    </ClInclude>
    <ClInclude Include="sources\application\object\option\key_config_pause.h">
      <Filter>sources\application\object\option</Filter>
    </ClInclude>
    <ClInclude Include="sources\application\object\option\key_config_special.h">
      <Filter>sources\application\object\option</Filter>
    </ClInclude>
    <ClInclude Include="sources\application\object\option\keyconfig_logo.h">
      <Filter>sources\application\object\option</Filter>
    </ClInclude>
    <ClInclude Include="sources\application\object\option\option_bg.h">
      <Filter>sources\application\object\option</Filter>
    </ClInclude>
    <ClInclude Include="sources\application\object\option\option_data.h">
      <Filter>sources\application\object\option</Filter>
    </ClInclude>
    <ClInclude Include="sources\application\object\option\option_logo.h">
      <Filter>sources\application\object\option</Filter>
    </ClInclude>
    <ClInclude Include="sources\application\object\option\se_volume.h">
      <Filter>sources\application\object\option</Filter>
    </ClInclude>
    <ClInclude Include="sources\application\object\option\volume_logo.h">
      <Filter>sources\application\object\option</Filter>
    </ClInclude>
    <ClInclude Include="sources\application\scene\title\title_luminescence.h">
      <Filter>sources\application\scene\title</Filter>
    </ClInclude>
    <ClInclude Include="sources\application\object\record.h">
      <Filter>sources\application\object</Filter>
    </ClInclude>
    <ClInclude Include="sources\application\scene\game\stage\stage_tutorial.h">
      <Filter>sources\application\scene\game\stage</Filter>
    </ClInclude>
    <ClInclude Include="sources\application\scene\game\stage\stage.h">
      <Filter>sources\application\scene\game\stage</Filter>
    </ClInclude>
    <ClInclude Include="sources\application\scene\game\stage\stage_factory.h">
      <Filter>sources\application\scene\game\stage</Filter>
    </ClInclude>
    <ClInclude Include="sources\application\scene\game\stage\stage_manager.h">
      <Filter>sources\application\scene\game\stage</Filter>
    </ClInclude>
    <ClInclude Include="sources\application\object\object_start_point.h">
      <Filter>sources\application\object</Filter>
    </ClInclude>
    <ClInclude Include="sources\collision\collision_map.h">
      <Filter>sources\collision</Filter>
    </ClInclude>
    <ClInclude Include="sources\application\scene\game\gimmick\gimmick_start_point.h">
      <Filter>sources\application\scene\game\gimmick</Filter>
    </ClInclude>
    <ClInclude Include="sources\application\scene\game\gimmick\gimmick.h">
      <Filter>sources\application\scene\game\gimmick</Filter>
    </ClInclude>
    <ClInclude Include="sources\application\scene\game\stage\normal_stage.h">
      <Filter>sources\application\scene\game\stage</Filter>
    </ClInclude>
    <ClInclude Include="sources\application\object\stage_select\select_record_back.h">
      <Filter>sources\application\object\stage_select</Filter>
    </ClInclude>
    <ClInclude Include="sources\application\scene\game\stage\stage_select.h">
      <Filter>sources\application\scene\game\stage</Filter>
    </ClInclude>
    <ClInclude Include="sources\application\object\object_check_point.h">
      <Filter>sources\application\object</Filter>
    </ClInclude>
    <ClInclude Include="sources\application\scene\game\gimmick\gimmick_check_point.h">
      <Filter>sources\application\scene\game\gimmick</Filter>
    </ClInclude>
    <ClInclude Include="sources\application\scene\game\gimmick\gimmick_goal_point.h">
      <Filter>sources\application\scene\game\gimmick</Filter>
    </ClInclude>
    <ClInclude Include="sources\application\object\object_goal_point.h">
      <Filter>sources\application\object</Filter>
    </ClInclude>
    <ClInclude Include="sources\application\object\object_light_gauge.h">
      <Filter>sources\application\object</Filter>
    </ClInclude>
    <ClInclude Include="sources\application\scene\title\title_circle.h">
      <Filter>sources\application\scene\title</Filter>
    </ClInclude>
    <ClInclude Include="sources\application\scene\game\gimmick\gimmick_obstacle.h">
      <Filter>sources\application\scene\game\gimmick</Filter>
    </ClInclude>
    <ClInclude Include="sources\application\object\object_obstacle.h">
      <Filter>sources\application\object</Filter>
    </ClInclude>
    <ClInclude Include="sources\application\scene\game\gimmick\gimmick_disappear_ground.h">
      <Filter>sources\application\scene\game\gimmick</Filter>
    </ClInclude>
    <ClInclude Include="sources\application\object\object_disappear_ground.h">
      <Filter>sources\application\object</Filter>
    </ClInclude>
    <ClInclude Include="sources\application\object\object_move_ground.h">
      <Filter>sources\application\object</Filter>
    </ClInclude>
    <ClInclude Include="sources\application\scene\game\gimmick\gimmick_move_ground.h">
      <Filter>sources\application\scene\game\gimmick</Filter>
    </ClInclude>
    <ClInclude Include="sources\application\scene\game\effect\effect.h">
      <Filter>sources\application\scene\game\effect</Filter>
    </ClInclude>
    <ClInclude Include="sources\application\scene\game\assert_effect\assert_effect.h">
      <Filter>sources\application\scene\game\assert_effect</Filter>
    </ClInclude>
    <ClInclude Include="sources\system\xaudio2\se\se.h">
      <Filter>sources\system\xaudio2\se</Filter>
    </ClInclude>
    <ClInclude Include="sources\application\object\object_player_icon.h">
      <Filter>sources\application\object</Filter>
    </ClInclude>
    <ClInclude Include="sources\application\object\pause\pause.h">
      <Filter>sources\application\object\pause</Filter>
    </ClInclude>
    <ClInclude Include="sources\application\object\pause\sprite_smooth.h">
      <Filter>sources\application\object\pause</Filter>
    </ClInclude>
    <ClInclude Include="sources\application\scene\game\game_bg.h">
      <Filter>sources\application\scene\game</Filter>
    </ClInclude>
    <ClInclude Include="sources\application\object\object_bg.h">
      <Filter>sources\application\object</Filter>
    </ClInclude>
    <ClInclude Include="sources\application\scene\game\effect\effect_check_point.h">
      <Filter>sources\application\scene\game\effect</Filter>
    </ClInclude>
    <ClInclude Include="sources\application\scene\game\assert_effect\assert_effect_start.h">
      <Filter>sources\application\scene\game\assert_effect</Filter>
    </ClInclude>
    <ClInclude Include="sources\application\scene\game\assert_effect\assert_effect_clear.h">
      <Filter>sources\application\scene\game\assert_effect</Filter>
    </ClInclude>
    <ClInclude Include="sources\application\scene\game\gimmick\gimmick_tutorial_text.h">
      <Filter>sources\application\scene\game\gimmick</Filter>
    </ClInclude>
    <ClInclude Include="sources\application\object\tutorial_back.h">
      <Filter>sources\application\object</Filter>
    </ClInclude>
    <ClInclude Include="sources\application\object\object_record.h">
      <Filter>sources\application\object</Filter>
    </ClInclude>
    <ClInclude Include="sources\application\scene\game\stage\stage_10.h">
      <Filter>sources\application\scene\game\stage</Filter>
    </ClInclude>
    <ClInclude Include="sources\application\scene\game\stage\stage_01.h">
      <Filter>sources\application\scene\game\stage</Filter>
    </ClInclude>
    <ClInclude Include="sources\application\scene\game\stage\stage_02.h">
      <Filter>sources\application\scene\game\stage</Filter>
    </ClInclude>
    <ClInclude Include="sources\application\scene\game\stage\stage_03.h">
      <Filter>sources\application\scene\game\stage</Filter>
    </ClInclude>
    <ClInclude Include="sources\application\scene\game\stage\stage_04.h">
      <Filter>sources\application\scene\game\stage</Filter>
    </ClInclude>
    <ClInclude Include="sources\application\scene\game\stage\stage_05.h">
      <Filter>sources\application\scene\game\stage</Filter>
    </ClInclude>
    <ClInclude Include="sources\application\scene\game\stage\stage_06.h">
      <Filter>sources\application\scene\game\stage</Filter>
    </ClInclude>
    <ClInclude Include="sources\application\scene\game\stage\stage_07.h">
      <Filter>sources\application\scene\game\stage</Filter>
    </ClInclude>
    <ClInclude Include="sources\application\scene\game\stage\stage_08.h">
      <Filter>sources\application\scene\game\stage</Filter>
    </ClInclude>
    <ClInclude Include="sources\application\scene\game\stage\stage_09.h">
      <Filter>sources\application\scene\game\stage</Filter>
    </ClInclude>
    <ClInclude Include="sources\application\scene\game\gimmick\gimmick_massage.h">
      <Filter>sources\application\scene\game\gimmick</Filter>
    </ClInclude>
    <ClInclude Include="sources\application\object\object_life.h">
      <Filter>sources\application\object</Filter>
    </ClInclude>
    <ClInclude Include="sources\application\object\object_player_life .h">
      <Filter>sources\application\object</Filter>
    </ClInclude>
    <ClInclude Include="sources\application\scene\game\gimmick\gimmick_lens.h">
      <Filter>sources\application\scene\game\gimmick</Filter>
    </ClInclude>
    <ClInclude Include="sources\application\object\object_lens.h">
      <Filter>sources\application\object</Filter>
    </ClInclude>
    <ClInclude Include="sources\application\scene\game\effect\effect_skeleton.h">
      <Filter>sources\application\scene\game\effect</Filter>
    </ClInclude>
    <ClInclude Include="sources\application\scene\game\effect\effect_dead.h">
      <Filter>sources\application\scene\game\effect</Filter>
    </ClInclude>
    <ClInclude Include="sources\application\scene\game\effect\effect_lightning.h">
      <Filter>sources\application\scene\game\effect</Filter>
    </ClInclude>
    <ClInclude Include="sources\application\scene\game\effect\effect_locus.h">
      <Filter>sources\application\scene\game\effect</Filter>
    </ClInclude>
    <ClInclude Include="sources\application\scene\game\effect\effect_mirror.h">
      <Filter>sources\application\scene\game\effect</Filter>
    </ClInclude>
    <ClInclude Include="sources\application\object\object_newrecord.h">
      <Filter>sources\application\object</Filter>
    </ClInclude>
    <ClInclude Include="sources\application\object\option\option_sprite_smooth.h">
      <Filter>sources\application\object\option</Filter>
    </ClInclude>
  </ItemGroup>
  <ItemGroup>
    <ClCompile Include="sources\main.cpp">
      <Filter>sources</Filter>
    </ClCompile>
    <ClCompile Include="sources\default_include\stdafx\stdafx.cpp">
      <Filter>sources\default_include\stdafx</Filter>
    </ClCompile>
    <ClCompile Include="sources\default_include\debug_tool\assert.cpp">
      <Filter>sources\default_include\debug_tool</Filter>
    </ClCompile>
    <ClCompile Include="sources\system\system.cpp">
      <Filter>sources\system</Filter>
    </ClCompile>
    <ClCompile Include="sources\system\window\main_window.cpp">
      <Filter>sources\system\window</Filter>
    </ClCompile>
    <ClCompile Include="sources\system\window\window.cpp">
      <Filter>sources\system\window</Filter>
    </ClCompile>
    <ClCompile Include="sources\system\thread\thread.cpp">
      <Filter>sources\system\thread</Filter>
    </ClCompile>
    <ClCompile Include="sources\application\application.cpp">
      <Filter>sources\application</Filter>
    </ClCompile>
    <ClCompile Include="sources\system\timer\timer.cpp">
      <Filter>sources\system\timer</Filter>
    </ClCompile>
    <ClCompile Include="sources\render\sprite.cpp">
      <Filter>sources\render</Filter>
    </ClCompile>
    <ClCompile Include="sources\system\directx9\directx9.cpp">
      <Filter>sources\system\directx9</Filter>
    </ClCompile>
    <ClCompile Include="sources\application\scene\scene_manager.cpp">
      <Filter>sources\application\scene</Filter>
    </ClCompile>
    <ClCompile Include="sources\application\scene\scene.cpp">
      <Filter>sources\application\scene</Filter>
    </ClCompile>
    <ClCompile Include="sources\system\directx9\texture\texture.cpp">
      <Filter>sources\system\directx9\texture</Filter>
    </ClCompile>
    <ClCompile Include="sources\render\fade.cpp">
      <Filter>sources\render</Filter>
    </ClCompile>
    <ClCompile Include="sources\collision\collision.cpp">
      <Filter>sources\collision</Filter>
    </ClCompile>
    <ClCompile Include="sources\collision\collision_circle.cpp">
      <Filter>sources\collision</Filter>
    </ClCompile>
    <ClCompile Include="sources\collision\collision_point.cpp">
      <Filter>sources\collision</Filter>
    </ClCompile>
    <ClCompile Include="sources\collision\collision_line.cpp">
      <Filter>sources\collision</Filter>
    </ClCompile>
    <ClCompile Include="sources\application\scene\game\scene_game.cpp">
      <Filter>sources\application\scene\game</Filter>
    </ClCompile>
    <ClCompile Include="sources\frame\frame_controller.cpp">
      <Filter>sources\frame</Filter>
    </ClCompile>
    <ClCompile Include="sources\default_include\debug_tool\debug_console.cpp">
      <Filter>sources\default_include\debug_tool</Filter>
    </ClCompile>
    <ClCompile Include="sources\default_include\debug_tool\debug_tool.cpp">
      <Filter>sources\default_include\debug_tool</Filter>
    </ClCompile>
    <ClCompile Include="sources\default_include\debug_tool\debug_trace.cpp">
      <Filter>sources\default_include\debug_tool</Filter>
    </ClCompile>
    <ClCompile Include="sources\default_include\debug_tool\debug_display.cpp">
      <Filter>sources\default_include\debug_tool</Filter>
    </ClCompile>
    <ClCompile Include="sources\system\direct_input\direct_input.cpp">
      <Filter>sources\system\direct_input</Filter>
    </ClCompile>
    <ClCompile Include="sources\system\direct_input\device\di_mouse.cpp">
      <Filter>sources\system\direct_input\device</Filter>
    </ClCompile>
    <ClCompile Include="sources\system\direct_input\device\di_keyboard.cpp">
      <Filter>sources\system\direct_input\device</Filter>
    </ClCompile>
    <ClCompile Include="sources\system\direct_input\device\di_device.cpp">
      <Filter>sources\system\direct_input\device</Filter>
    </ClCompile>
    <ClCompile Include="sources\system\direct_input\input_event_buffer.cpp">
      <Filter>sources\system\direct_input</Filter>
    </ClCompile>
    <ClCompile Include="sources\application\scene\title\scene_title.cpp">
      <Filter>sources\application\scene\title</Filter>
    </ClCompile>
    <ClCompile Include="sources\application\scene\title\title_bg.cpp">
      <Filter>sources\application\scene\title</Filter>
    </ClCompile>
    <ClCompile Include="sources\system\directx9\font\font_texture.cpp">
      <Filter>sources\system\directx9\font</Filter>
    </ClCompile>
    <ClCompile Include="sources\render\text_box.cpp">
      <Filter>sources\render</Filter>
    </ClCompile>
    <ClCompile Include="sources\system\direct_input\device\di_virtual.cpp">
      <Filter>sources\system\direct_input\device</Filter>
    </ClCompile>
    <ClCompile Include="sources\common\animation\animation.cpp">
      <Filter>sources\default_include\common\animation</Filter>
    </ClCompile>
    <ClCompile Include="sources\system\xaudio2\xaudio2.cpp">
      <Filter>sources\system\xaudio2</Filter>
    </ClCompile>
    <ClCompile Include="sources\system\direct_input\device\di_pad.cpp">
      <Filter>sources\system\direct_input\device</Filter>
    </ClCompile>
    <ClCompile Include="sources\application\object\stage_offset.cpp">
      <Filter>sources\application\object</Filter>
    </ClCompile>
    <ClCompile Include="sources\system\xaudio2\xaudio2_sound.cpp">
      <Filter>sources\system\xaudio2</Filter>
    </ClCompile>
    <ClCompile Include="sources\system\xaudio2\bgm\bgm.cpp">
      <Filter>sources\system\xaudio2\bgm</Filter>
    </ClCompile>
    <ClCompile Include="sources\application\scene\logo\scene_logo.cpp">
      <Filter>sources\application\scene\logo</Filter>
    </ClCompile>
    <ClCompile Include="sources\application\scene\logo\logo.cpp">
      <Filter>sources\application\scene\logo</Filter>
    </ClCompile>
    <ClCompile Include="sources\application\scene\logo\logo_bg.cpp">
      <Filter>sources\application\scene\logo</Filter>
    </ClCompile>
    <ClCompile Include="sources\application\scene\title\title_logo.cpp">
      <Filter>sources\application\scene\title</Filter>
    </ClCompile>
    <ClCompile Include="sources\render\mesh_sprite.cpp">
      <Filter>sources\render</Filter>
    </ClCompile>
    <ClCompile Include="sources\application\object\map.cpp">
      <Filter>sources\application\object</Filter>
    </ClCompile>
    <ClCompile Include="sources\application\object\stage_select\select_arrow.cpp">
      <Filter>sources\application\object\stage_select</Filter>
    </ClCompile>
    <ClCompile Include="sources\application\object\stage_select\select_arrow_left.cpp">
      <Filter>sources\application\object\stage_select</Filter>
    </ClCompile>
    <ClCompile Include="sources\application\object\stage_select\select_arrow_right.cpp">
      <Filter>sources\application\object\stage_select</Filter>
    </ClCompile>
    <ClCompile Include="sources\application\object\stage_select\select_bg.cpp">
      <Filter>sources\application\object\stage_select</Filter>
    </ClCompile>
    <ClCompile Include="sources\application\object\stage_select\select_flame.cpp">
      <Filter>sources\application\object\stage_select</Filter>
    </ClCompile>
    <ClCompile Include="sources\application\object\stage_select\select_stage_image.cpp">
      <Filter>sources\application\object\stage_select</Filter>
    </ClCompile>
    <ClCompile Include="sources\application\object\stage_select\select_stage_name.cpp">
      <Filter>sources\application\object\stage_select</Filter>
    </ClCompile>
    <ClCompile Include="sources\application\object\stage_region.cpp">
      <Filter>sources\application\object</Filter>
    </ClCompile>
    <ClCompile Include="sources\application\object\stage_select\select_record.cpp">
      <Filter>sources\application\object\stage_select</Filter>
    </ClCompile>
    <ClCompile Include="sources\application\object\stage_select\select_number.cpp">
      <Filter>sources\application\object\stage_select</Filter>
    </ClCompile>
    <ClCompile Include="sources\application\scene\game\game_player.cpp">
      <Filter>sources\application\scene\game</Filter>
    </ClCompile>
    <ClCompile Include="sources\application\scene\title\title_push_start.cpp">
      <Filter>sources\application\scene\title</Filter>
    </ClCompile>
    <ClCompile Include="sources\application\scene\title\title_select.cpp">
      <Filter>sources\application\scene\title</Filter>
    </ClCompile>
    <ClCompile Include="sources\application\object\object_player.cpp">
      <Filter>sources\application\object</Filter>
    </ClCompile>
    <ClCompile Include="sources\application\object\message_window.cpp">
      <Filter>sources\application\object</Filter>
    </ClCompile>
    <ClCompile Include="sources\application\object\message_sprite_smooth.cpp">
      <Filter>sources\application\object</Filter>
    </ClCompile>
    <ClCompile Include="sources\application\object\option.cpp">
      <Filter>sources\application\object</Filter>
    </ClCompile>
    <ClCompile Include="sources\application\object\option\bgm_volume.cpp">
      <Filter>sources\application\object\option</Filter>
    </ClCompile>
    <ClCompile Include="sources\application\object\option\key_config_cancel.cpp">
      <Filter>sources\application\object\option</Filter>
    </ClCompile>
    <ClCompile Include="sources\application\object\option\key_config_jump.cpp">
      <Filter>sources\application\object\option</Filter>
    </ClCompile>
    <ClCompile Include="sources\application\object\option\key_config_ok.cpp">
      <Filter>sources\application\object\option</Filter>
    </ClCompile>
    <ClCompile Include="sources\application\object\option\key_config_pause.cpp">
      <Filter>sources\application\object\option</Filter>
    </ClCompile>
    <ClCompile Include="sources\application\object\option\key_config_special.cpp">
      <Filter>sources\application\object\option</Filter>
    </ClCompile>
    <ClCompile Include="sources\application\object\option\keyconfig_logo.cpp">
      <Filter>sources\application\object\option</Filter>
    </ClCompile>
    <ClCompile Include="sources\application\object\option\option_bg.cpp">
      <Filter>sources\application\object\option</Filter>
    </ClCompile>
    <ClCompile Include="sources\application\object\option\option_logo.cpp">
      <Filter>sources\application\object\option</Filter>
    </ClCompile>
    <ClCompile Include="sources\application\object\option\se_volume.cpp">
      <Filter>sources\application\object\option</Filter>
    </ClCompile>
    <ClCompile Include="sources\application\object\option\volume_logo.cpp">
      <Filter>sources\application\object\option</Filter>
    </ClCompile>
    <ClCompile Include="sources\application\scene\title\title_luminescence.cpp">
      <Filter>sources\application\scene\title</Filter>
    </ClCompile>
    <ClCompile Include="sources\application\object\record.cpp">
      <Filter>sources\application\object</Filter>
    </ClCompile>
    <ClCompile Include="sources\application\scene\game\stage\stage_tutorial.cpp">
      <Filter>sources\application\scene\game\stage</Filter>
    </ClCompile>
    <ClCompile Include="sources\application\scene\game\stage\stage.cpp">
      <Filter>sources\application\scene\game\stage</Filter>
    </ClCompile>
    <ClCompile Include="sources\application\scene\game\stage\stage_manager.cpp">
      <Filter>sources\application\scene\game\stage</Filter>
    </ClCompile>
    <ClCompile Include="sources\application\object\object_start_point.cpp">
      <Filter>sources\application\object</Filter>
    </ClCompile>
    <ClCompile Include="sources\collision\collision_map.cpp">
      <Filter>sources\collision</Filter>
    </ClCompile>
    <ClCompile Include="sources\application\scene\game\gimmick\gimmick_start_point.cpp">
      <Filter>sources\application\scene\game\gimmick</Filter>
    </ClCompile>
    <ClCompile Include="sources\application\scene\game\gimmick\gimmick.cpp">
      <Filter>sources\application\scene\game\gimmick</Filter>
    </ClCompile>
    <ClCompile Include="sources\application\scene\game\stage\normal_stage.cpp">
      <Filter>sources\application\scene\game\stage</Filter>
    </ClCompile>
    <ClCompile Include="sources\application\object\stage_select\select_record_back.cpp">
      <Filter>sources\application\object\stage_select</Filter>
    </ClCompile>
    <ClCompile Include="sources\application\object\object_check_point.cpp">
      <Filter>sources\application\object</Filter>
    </ClCompile>
    <ClCompile Include="sources\application\scene\game\gimmick\gimmick_check_point.cpp">
      <Filter>sources\application\scene\game\gimmick</Filter>
    </ClCompile>
    <ClCompile Include="sources\application\scene\game\gimmick\gimmick_goal_point.cpp">
      <Filter>sources\application\scene\game\gimmick</Filter>
    </ClCompile>
    <ClCompile Include="sources\application\object\object_goal_point.cpp">
      <Filter>sources\application\object</Filter>
    </ClCompile>
    <ClCompile Include="sources\application\object\object_light_gauge.cpp">
      <Filter>sources\application\object</Filter>
    </ClCompile>
    <ClCompile Include="sources\application\scene\title\title_circle.cpp">
      <Filter>sources\application\scene\title</Filter>
    </ClCompile>
    <ClCompile Include="sources\application\scene\game\gimmick\gimmick_obstacle.cpp">
      <Filter>sources\application\scene\game\gimmick</Filter>
    </ClCompile>
    <ClCompile Include="sources\application\object\object_obstacle.cpp">
      <Filter>sources\application\object</Filter>
    </ClCompile>
    <ClCompile Include="sources\application\scene\game\gimmick\gimmick_disappear_ground.cpp">
      <Filter>sources\application\scene\game\gimmick</Filter>
    </ClCompile>
    <ClCompile Include="sources\application\object\object_disappear_ground.cpp">
      <Filter>sources\application\object</Filter>
    </ClCompile>
    <ClCompile Include="sources\application\object\object_move_ground.cpp">
      <Filter>sources\application\object</Filter>
    </ClCompile>
    <ClCompile Include="sources\application\scene\game\gimmick\gimmick_move_ground.cpp">
      <Filter>sources\application\scene\game\gimmick</Filter>
    </ClCompile>
    <ClCompile Include="sources\application\scene\game\effect\effect.cpp">
      <Filter>sources\application\scene\game\effect</Filter>
    </ClCompile>
    <ClCompile Include="sources\application\scene\game\assert_effect\assert_effect.cpp">
      <Filter>sources\application\scene\game\assert_effect</Filter>
    </ClCompile>
    <ClCompile Include="sources\system\xaudio2\se\se.cpp">
      <Filter>sources\system\xaudio2\se</Filter>
    </ClCompile>
    <ClCompile Include="sources\application\object\object_player_icon.cpp">
      <Filter>sources\application\object</Filter>
    </ClCompile>
    <ClCompile Include="sources\application\object\pause\pause.cpp">
      <Filter>sources\application\object\pause</Filter>
    </ClCompile>
    <ClCompile Include="sources\application\object\pause\sprite_smooth.cpp">
      <Filter>sources\application\object\pause</Filter>
    </ClCompile>
    <ClCompile Include="sources\application\scene\game\game_bg.cpp">
      <Filter>sources\application\scene\game</Filter>
    </ClCompile>
    <ClCompile Include="sources\application\object\object_bg.cpp">
      <Filter>sources\application\object</Filter>
    </ClCompile>
    <ClCompile Include="sources\application\scene\game\stage\stage_select.cpp">
      <Filter>sources\application\scene\game\stage</Filter>
    </ClCompile>
    <ClCompile Include="sources\application\scene\game\effect\effect_check_point.cpp">
      <Filter>sources\application\scene\game\effect</Filter>
    </ClCompile>
    <ClCompile Include="sources\application\scene\game\assert_effect\assert_effect_start.cpp">
      <Filter>sources\application\scene\game\assert_effect</Filter>
    </ClCompile>
    <ClCompile Include="sources\application\scene\game\assert_effect\assert_effect_clear.cpp">
      <Filter>sources\application\scene\game\assert_effect</Filter>
    </ClCompile>
    <ClCompile Include="sources\application\scene\game\gimmick\gimmick_tutorial_text.cpp">
      <Filter>sources\application\scene\game\gimmick</Filter>
    </ClCompile>
    <ClCompile Include="sources\application\object\tutorial_back.cpp">
      <Filter>sources\application\object</Filter>
    </ClCompile>
    <ClCompile Include="sources\application\object\object_record.cpp">
      <Filter>sources\application\object</Filter>
    </ClCompile>
    <ClCompile Include="sources\application\scene\game\stage\stage_10.cpp">
      <Filter>sources\application\scene\game\stage</Filter>
    </ClCompile>
    <ClCompile Include="sources\application\scene\game\stage\stage_01.cpp">
      <Filter>sources\application\scene\game\stage</Filter>
    </ClCompile>
    <ClCompile Include="sources\application\scene\game\stage\stage_02.cpp">
      <Filter>sources\application\scene\game\stage</Filter>
    </ClCompile>
    <ClCompile Include="sources\application\scene\game\stage\stage_03.cpp">
      <Filter>sources\application\scene\game\stage</Filter>
    </ClCompile>
    <ClCompile Include="sources\application\scene\game\stage\stage_04.cpp">
      <Filter>sources\application\scene\game\stage</Filter>
    </ClCompile>
    <ClCompile Include="sources\application\scene\game\stage\stage_05.cpp">
      <Filter>sources\application\scene\game\stage</Filter>
    </ClCompile>
    <ClCompile Include="sources\application\scene\game\stage\stage_06.cpp">
      <Filter>sources\application\scene\game\stage</Filter>
    </ClCompile>
    <ClCompile Include="sources\application\scene\game\stage\stage_07.cpp">
      <Filter>sources\application\scene\game\stage</Filter>
    </ClCompile>
    <ClCompile Include="sources\application\scene\game\stage\stage_08.cpp">
      <Filter>sources\application\scene\game\stage</Filter>
    </ClCompile>
    <ClCompile Include="sources\application\scene\game\stage\stage_09.cpp">
      <Filter>sources\application\scene\game\stage</Filter>
    </ClCompile>
    <ClCompile Include="sources\application\scene\game\gimmick\gimmick_massage.cpp">
      <Filter>sources\application\scene\game\gimmick</Filter>
    </ClCompile>
    <ClCompile Include="sources\application\object\object_life.cpp">
      <Filter>sources\application\object</Filter>
    </ClCompile>
    <ClCompile Include="sources\application\object\object_player_life .cpp">
      <Filter>sources\application\object</Filter>
    </ClCompile>
    <ClCompile Include="sources\application\scene\game\gimmick\gimmick_lens.cpp">
      <Filter>sources\application\scene\game\gimmick</Filter>
    </ClCompile>
    <ClCompile Include="sources\application\object\object_lens.cpp">
      <Filter>sources\application\object</Filter>
    </ClCompile>
    <ClCompile Include="sources\application\scene\game\effect\effect_skeleton.cpp">
      <Filter>sources\application\scene\game\effect</Filter>
    </ClCompile>
    <ClCompile Include="sources\application\scene\game\effect\effect_dead.cpp">
      <Filter>sources\application\scene\game\effect</Filter>
    </ClCompile>
    <ClCompile Include="sources\application\scene\game\effect\effect_lightning.cpp">
      <Filter>sources\application\scene\game\effect</Filter>
    </ClCompile>
    <ClCompile Include="sources\application\scene\game\effect\effect_locus.cpp">
      <Filter>sources\application\scene\game\effect</Filter>
    </ClCompile>
    <ClCompile Include="sources\application\scene\game\effect\effect_mirror.cpp">
      <Filter>sources\application\scene\game\effect</Filter>
    </ClCompile>
    <ClCompile Include="sources\application\object\object_newrecord.cpp">
      <Filter>sources\application\object</Filter>
    </ClCompile>
    <ClCompile Include="sources\application\object\option\option_sprite_smooth.cpp">
      <Filter>sources\application\object\option</Filter>
    </ClCompile>
  </ItemGroup>
  <ItemGroup>
    <ResourceCompile Include="resources\resource.rc">
      <Filter>resources</Filter>
    </ResourceCompile>
  </ItemGroup>
</Project>